PODS:
  - JMTableViewDataSource (1.0.1)

DEPENDENCIES:
  - JMTableViewDataSource (from `../`)

EXTERNAL SOURCES:
  JMTableViewDataSource:
    :path: ../

SPEC CHECKSUMS:
  JMTableViewDataSource: f3725459fb4552b80f098d513be81ec14c837e4b

PODFILE CHECKSUM: 4501763c3d7737bd6788bc7e9c23743e8a005783

COCOAPODS: 1.1.1
