PODS:
  - JMTableViewDataSource (0.1.0)

DEPENDENCIES:
  - JMTableViewDataSource (from `../`)

EXTERNAL SOURCES:
  JMTableViewDataSource:
    :path: ../

SPEC CHECKSUMS:
  JMTableViewDataSource: f9fda858f83a1ade91a922868e2a824b407ea525

PODFILE CHECKSUM: 4501763c3d7737bd6788bc7e9c23743e8a005783

COCOAPODS: 1.1.1
